<Solution>
  <Folder Name="/src/">
    <Project Path="src/Snap.App/Snap.App.csproj" />
    <Project Path="src/Snap.Core/Snap.Core.csproj" />
  </Folder>
  <Folder Name="/tests/">
    <Project Path="tests/Snap.Core.Tests/Snap.Core.Tests.csproj" />
    <Project Path="tests/Snap.App.SmokeTests/Snap.App.SmokeTests.csproj" />
  </Folder>
  <Folder Name="/packaging/">
    <Project Path="packaging/Snap.Setup/Snap.Setup.csproj" />
  </Folder>
</Solution>
